
Microsoft Visual Studio Solution File, Format Version 12.00
# Visual Studio Version 17
VisualStudioVersion = 17.4.33213.308
MinimumVisualStudioVersion = 10.0.40219.1
Project("{FAE04EC0-301F-11D3-BF4B-00C04F79EFBC}") = "r6", "r6.csproj", "{C91C174D-19A7-4A4A-8061-97890E6BC87F}"
EndProject
Global
	GlobalSection(SolutionConfigurationPlatforms) = preSolution
		Debug|Any CPU = Debug|Any CPU
		Release|Any CPU = Release|Any CPU
	EndGlobalSection
	GlobalSection(ProjectConfigurationPlatforms) = postSolution
		{C91C174D-19A7-4A4A-8061-97890E6BC87F}.Debug|Any CPU.ActiveCfg = Debug|Any CPU
		{C91C174D-19A7-4A4A-8061-97890E6BC87F}.Debug|Any CPU.Build.0 = Debug|Any CPU
		{C91C174D-19A7-4A4A-8061-97890E6BC87F}.Release|Any CPU.ActiveCfg = Release|Any CPU
		{C91C174D-19A7-4A4A-8061-97890E6BC87F}.Release|Any CPU.Build.0 = Release|Any CPU
	EndGlobalSection
	GlobalSection(SolutionProperties) = preSolution
		HideSolutionNode = FALSE
	EndGlobalSection
	GlobalSection(ExtensibilityGlobals) = postSolution
		SolutionGuid = {9A6D02EB-5573-4B05-927F-6A0ECFBBB0B3}
	EndGlobalSection
EndGlobal
